PODS:
  - AFNetworking (3.2.0):
    - AFNetworking/NSURLSession (= 3.2.0)
    - AFNetworking/Reachability (= 3.2.0)
    - AFNetworking/Security (= 3.2.0)
    - AFNetworking/Serialization (= 3.2.0)
    - AFNetworking/UIKit (= 3.2.0)
  - AFNetworking/NSURLSession (3.2.0):
    - AFNetworking/Reachability
    - AFNetworking/Security
    - AFNetworking/Serialization
  - AFNetworking/Reachability (3.2.0)
  - AFNetworking/Security (3.2.0)
  - AFNetworking/Serialization (3.2.0)
  - AFNetworking/UIKit (3.2.0):
    - AFNetworking/NSURLSession
  - AliyunOSSiOS (2.10.4)
  - Bugly (2.5.0)
  - DZNEmptyDataSet (1.8.1)
  - FDFullscreenPopGesture (1.1)
  - IQKeyboardManager (6.0.2)
  - lottie-ios (2.1.5)
  - Masonry (1.1.0)
  - MBProgressHUD (1.1.0)
  - MJExtension (3.0.13)
  - MJRefresh (3.1.15.3)
  - mob_sharesdk (4.1.2):
    - mob_sharesdk/ShareSDK (= 4.1.2)
    - MOBFoundation
  - mob_sharesdk/ShareSDK (4.1.2):
    - MOBFoundation
  - mob_sharesdk/ShareSDKPlatforms/SinaWeibo (4.1.2):
    - mob_sharesdk/ShareSDK
    - MOBFoundation
  - mob_sharesdk/ShareSDKPlatforms/WeChat (4.1.2):
    - mob_sharesdk/ShareSDK
    - MOBFoundation
  - MOBFoundation (3.1.6)
  - OKBusiness (0.1.0):
    - lottie-ios
    - MBProgressHUD
    - MJExtension
    - mob_sharesdk
    - OKBusiness/Common (= 0.1.0)
    - OKBusiness/Macros (= 0.1.0)
    - OKBusiness/OKBAccount (= 0.1.0)
    - OKBusiness/OKBAgent (= 0.1.0)
    - OKBusiness/OKBCategory (= 0.1.0)
    - OKBusiness/OKBCollection (= 0.1.0)
    - OKBusiness/OKBConfiguration (= 0.1.0)
    - OKBusiness/OKBDataBase (= 0.1.0)
    - OKBusiness/OKBDepth (= 0.1.0)
    - OKBusiness/OKBFutures (= 0.1.0)
    - OKBusiness/OKBHookTB (= 0.1.0)
    - OKBusiness/OKBHUD (= 0.1.0)
    - OKBusiness/OKBImage (= 0.1.0)
    - OKBusiness/OKBNavigationController (= 0.1.0)
    - OKBusiness/OKBNetwork (= 0.1.0)
    - OKBusiness/OKBPopupBox (= 0.1.0)
    - OKBusiness/OKBSearch (= 0.1.0)
    - OKBusiness/OKBShare (= 0.1.0)
    - OKBusiness/OKBSideBar (= 0.1.0)
    - OKBusiness/OKBTabBarController (= 0.1.0)
    - OKBusiness/OKBTable (= 0.1.0)
    - OKBusiness/OKBTimer (= 0.1.0)
    - OKBusiness/OKBToast (= 0.1.0)
    - OKBusiness/OKBTokenList (= 0.1.0)
    - OKBusiness/OKBVersion (= 0.1.0)
    - OKBusiness/OKBView (= 0.1.0)
    - OKBusiness/OKBWebViewController (= 0.1.0)
    - OKBusiness/PPCounter (= 0.1.0)
    - OKBusiness/XLSlideSwitch (= 0.1.0)
    - OKFoundation
    - SDWebImage
    - YYKit
  - OKBusiness/Common (0.1.0):
    - lottie-ios
    - MBProgressHUD
    - MJExtension
    - mob_sharesdk
    - OKFoundation
    - SDWebImage
    - YYKit
  - OKBusiness/Macros (0.1.0):
    - lottie-ios
    - MBProgressHUD
    - MJExtension
    - mob_sharesdk
    - OKFoundation
    - SDWebImage
    - YYKit
  - OKBusiness/OKBAccount (0.1.0):
    - lottie-ios
    - MBProgressHUD
    - MJExtension
    - mob_sharesdk
    - OKFoundation
    - SDWebImage
    - YYKit
  - OKBusiness/OKBAgent (0.1.0):
    - lottie-ios
    - MBProgressHUD
    - MJExtension
    - mob_sharesdk
    - OKFoundation
    - SDWebImage
    - YYKit
  - OKBusiness/OKBCategory (0.1.0):
    - lottie-ios
    - MBProgressHUD
    - MJExtension
    - mob_sharesdk
    - OKFoundation
    - SDWebImage
    - YYKit
  - OKBusiness/OKBCollection (0.1.0):
    - lottie-ios
    - MBProgressHUD
    - MJExtension
    - mob_sharesdk
    - OKFoundation
    - SDWebImage
    - YYKit
  - OKBusiness/OKBConfiguration (0.1.0):
    - lottie-ios
    - MBProgressHUD
    - MJExtension
    - mob_sharesdk
    - OKBusiness/OKBConfiguration/OKExConfiguration (= 0.1.0)
    - OKFoundation
    - SDWebImage
    - YYKit
  - OKBusiness/OKBConfiguration/OKExConfiguration (0.1.0):
    - lottie-ios
    - MBProgressHUD
    - MJExtension
    - mob_sharesdk
    - OKBusiness/OKBConfiguration/OKExConfiguration/Manager (= 0.1.0)
    - OKBusiness/OKBConfiguration/OKExConfiguration/Model (= 0.1.0)
    - OKBusiness/OKBConfiguration/OKExConfiguration/ViewModel (= 0.1.0)
    - OKFoundation
    - SDWebImage
    - YYKit
  - OKBusiness/OKBConfiguration/OKExConfiguration/Manager (0.1.0):
    - lottie-ios
    - MBProgressHUD
    - MJExtension
    - mob_sharesdk
    - OKFoundation
    - SDWebImage
    - YYKit
  - OKBusiness/OKBConfiguration/OKExConfiguration/Model (0.1.0):
    - lottie-ios
    - MBProgressHUD
    - MJExtension
    - mob_sharesdk
    - OKFoundation
    - SDWebImage
    - YYKit
  - OKBusiness/OKBConfiguration/OKExConfiguration/ViewModel (0.1.0):
    - lottie-ios
    - MBProgressHUD
    - MJExtension
    - mob_sharesdk
    - OKFoundation
    - SDWebImage
    - YYKit
  - OKBusiness/OKBDataBase (0.1.0):
    - lottie-ios
    - MBProgressHUD
    - MJExtension
    - mob_sharesdk
    - OKFoundation
    - SDWebImage
    - YYKit
  - OKBusiness/OKBDepth (0.1.0):
    - lottie-ios
    - MBProgressHUD
    - MJExtension
    - mob_sharesdk
    - OKFoundation
    - SDWebImage
    - YYKit
  - OKBusiness/OKBFutures (0.1.0):
    - lottie-ios
    - MBProgressHUD
    - MJExtension
    - mob_sharesdk
    - OKBusiness/OKBFutures/FuturesManager (= 0.1.0)
    - OKBusiness/OKBFutures/Manager (= 0.1.0)
    - OKBusiness/OKBFutures/Model (= 0.1.0)
    - OKBusiness/OKBFutures/ViewModel (= 0.1.0)
    - OKFoundation
    - SDWebImage
    - YYKit
  - OKBusiness/OKBFutures/FuturesManager (0.1.0):
    - lottie-ios
    - MBProgressHUD
    - MJExtension
    - mob_sharesdk
    - OKFoundation
    - SDWebImage
    - YYKit
  - OKBusiness/OKBFutures/Manager (0.1.0):
    - lottie-ios
    - MBProgressHUD
    - MJExtension
    - mob_sharesdk
    - OKFoundation
    - SDWebImage
    - YYKit
  - OKBusiness/OKBFutures/Model (0.1.0):
    - lottie-ios
    - MBProgressHUD
    - MJExtension
    - mob_sharesdk
    - OKFoundation
    - SDWebImage
    - YYKit
  - OKBusiness/OKBFutures/ViewModel (0.1.0):
    - lottie-ios
    - MBProgressHUD
    - MJExtension
    - mob_sharesdk
    - OKFoundation
    - SDWebImage
    - YYKit
  - OKBusiness/OKBHookTB (0.1.0):
    - lottie-ios
    - MBProgressHUD
    - MJExtension
    - mob_sharesdk
    - OKFoundation
    - SDWebImage
    - YYKit
  - OKBusiness/OKBHUD (0.1.0):
    - lottie-ios
    - MBProgressHUD
    - MJExtension
    - mob_sharesdk
    - OKFoundation
    - SDWebImage
    - YYKit
  - OKBusiness/OKBImage (0.1.0):
    - lottie-ios
    - MBProgressHUD
    - MJExtension
    - mob_sharesdk
    - OKFoundation
    - SDWebImage
    - YYKit
  - OKBusiness/OKBNavigationController (0.1.0):
    - lottie-ios
    - MBProgressHUD
    - MJExtension
    - mob_sharesdk
    - OKFoundation
    - SDWebImage
    - YYKit
  - OKBusiness/OKBNetwork (0.1.0):
    - lottie-ios
    - MBProgressHUD
    - MJExtension
    - mob_sharesdk
    - OKBusiness/OKBNetwork/OKBMarkets (= 0.1.0)
    - OKBusiness/OKBNetwork/OKBSpot (= 0.1.0)
    - OKFoundation
    - SDWebImage
    - YYKit
  - OKBusiness/OKBNetwork/OKBMarkets (0.1.0):
    - lottie-ios
    - MBProgressHUD
    - MJExtension
    - mob_sharesdk
    - OKFoundation
    - SDWebImage
    - YYKit
  - OKBusiness/OKBNetwork/OKBSpot (0.1.0):
    - lottie-ios
    - MBProgressHUD
    - MJExtension
    - mob_sharesdk
    - OKFoundation
    - SDWebImage
    - YYKit
  - OKBusiness/OKBPopupBox (0.1.0):
    - lottie-ios
    - MBProgressHUD
    - MJExtension
    - mob_sharesdk
    - OKFoundation
    - SDWebImage
    - YYKit
  - OKBusiness/OKBSearch (0.1.0):
    - lottie-ios
    - MBProgressHUD
    - MJExtension
    - mob_sharesdk
    - OKFoundation
    - SDWebImage
    - YYKit
  - OKBusiness/OKBShare (0.1.0):
    - lottie-ios
    - MBProgressHUD
    - MJExtension
    - mob_sharesdk
    - OKFoundation
    - SDWebImage
    - YYKit
  - OKBusiness/OKBSideBar (0.1.0):
    - lottie-ios
    - MBProgressHUD
    - MJExtension
    - mob_sharesdk
    - OKFoundation
    - SDWebImage
    - YYKit
  - OKBusiness/OKBTabBarController (0.1.0):
    - lottie-ios
    - MBProgressHUD
    - MJExtension
    - mob_sharesdk
    - OKFoundation
    - SDWebImage
    - YYKit
  - OKBusiness/OKBTable (0.1.0):
    - lottie-ios
    - MBProgressHUD
    - MJExtension
    - mob_sharesdk
    - OKFoundation
    - SDWebImage
    - YYKit
  - OKBusiness/OKBTimer (0.1.0):
    - lottie-ios
    - MBProgressHUD
    - MJExtension
    - mob_sharesdk
    - OKFoundation
    - SDWebImage
    - YYKit
  - OKBusiness/OKBToast (0.1.0):
    - lottie-ios
    - MBProgressHUD
    - MJExtension
    - mob_sharesdk
    - OKFoundation
    - SDWebImage
    - YYKit
  - OKBusiness/OKBTokenList (0.1.0):
    - lottie-ios
    - MBProgressHUD
    - MJExtension
    - mob_sharesdk
    - OKFoundation
    - SDWebImage
    - YYKit
  - OKBusiness/OKBVersion (0.1.0):
    - lottie-ios
    - MBProgressHUD
    - MJExtension
    - mob_sharesdk
    - OKFoundation
    - SDWebImage
    - YYKit
  - OKBusiness/OKBView (0.1.0):
    - lottie-ios
    - MBProgressHUD
    - MJExtension
    - mob_sharesdk
    - OKFoundation
    - SDWebImage
    - YYKit
  - OKBusiness/OKBWebViewController (0.1.0):
    - lottie-ios
    - MBProgressHUD
    - MJExtension
    - mob_sharesdk
    - OKFoundation
    - SDWebImage
    - YYKit
  - OKBusiness/PPCounter (0.1.0):
    - lottie-ios
    - MBProgressHUD
    - MJExtension
    - mob_sharesdk
    - OKFoundation
    - SDWebImage
    - YYKit
  - OKBusiness/XLSlideSwitch (0.1.0):
    - lottie-ios
    - MBProgressHUD
    - MJExtension
    - mob_sharesdk
    - OKFoundation
    - SDWebImage
    - YYKit
  - OKFoundation (0.0.5):
    - AFNetworking
    - OKFoundation/OKFAPIService (= 0.0.5)
    - OKFoundation/OKFBaseUI (= 0.0.5)
    - OKFoundation/OKFLog (= 0.0.5)
    - OKFoundation/OKFSocket (= 0.0.5)
    - OKFoundation/OKFUtility (= 0.0.5)
    - OpenUDID
    - SocketRocket
  - OKFoundation/OKFAPIService (0.0.5):
    - AFNetworking
    - OKFoundation/OKFAPIService/OKFAPIGenerator (= 0.0.5)
    - OKFoundation/OKFAPIService/OKFComponents (= 0.0.5)
    - OKFoundation/OKFAPIService/OKFConfiguration (= 0.0.5)
    - OKFoundation/OKFAPIService/OKFServices (= 0.0.5)
    - OKFoundation/OKFAPIService/OKFViewModel (= 0.0.5)
    - OpenUDID
    - SocketRocket
  - OKFoundation/OKFAPIService/OKFAPIGenerator (0.0.5):
    - AFNetworking
    - OKFoundation/OKFAPIService/OKFConfiguration
    - OKFoundation/OKFAPIService/OKFServices
    - OpenUDID
    - SocketRocket
  - OKFoundation/OKFAPIService/OKFComponents (0.0.5):
    - AFNetworking
    - OKFoundation/OKFAPIService/OKFAPIGenerator
    - OpenUDID
    - SocketRocket
  - OKFoundation/OKFAPIService/OKFConfiguration (0.0.5):
    - AFNetworking
    - OpenUDID
    - SocketRocket
  - OKFoundation/OKFAPIService/OKFServices (0.0.5):
    - AFNetworking
    - OpenUDID
    - SocketRocket
  - OKFoundation/OKFAPIService/OKFViewModel (0.0.5):
    - AFNetworking
    - OpenUDID
    - SocketRocket
  - OKFoundation/OKFBaseUI (0.0.5):
    - AFNetworking
    - OpenUDID
    - SocketRocket
  - OKFoundation/OKFLog (0.0.5):
    - AFNetworking
    - OpenUDID
    - SocketRocket
  - OKFoundation/OKFSocket (0.0.5):
    - AFNetworking
    - OpenUDID
    - SocketRocket
  - OKFoundation/OKFUtility (0.0.5):
    - AFNetworking
    - OpenUDID
    - SocketRocket
  - OKGAccount (0.2.0):
    - OKBusiness
    - OKGAccount/Common (= 0.2.0)
    - OKGAccount/Deposit (= 0.2.0)
    - OKGAccount/ForgetPW (= 0.2.0)
    - OKGAccount/Login (= 0.2.0)
    - OKGAccount/Macros (= 0.2.0)
    - OKGAccount/Register (= 0.2.0)
    - OKGAccount/UserAccount (= 0.2.0)
    - OKGAccount/UserCenter (= 0.2.0)
    - OKGAccount/Withdraw (= 0.2.0)
  - OKGAccount/Common (0.2.0):
    - OKBusiness
    - OKGAccount/Common/AccountBase (= 0.2.0)
    - OKGAccount/Common/Manager (= 0.2.0)
    - OKGAccount/Common/Model (= 0.2.0)
    - OKGAccount/Common/OKGAFund (= 0.2.0)
    - OKGAccount/Common/OKGAGesture (= 0.2.0)
    - OKGAccount/Common/View (= 0.2.0)
  - OKGAccount/Common/AccountBase (0.2.0):
    - OKBusiness
  - OKGAccount/Common/Manager (0.2.0):
    - OKBusiness
  - OKGAccount/Common/Model (0.2.0):
    - OKBusiness
  - OKGAccount/Common/OKGAFund (0.2.0):
    - OKBusiness
    - OKGAccount/Common/OKGAFund/Manager (= 0.2.0)
    - OKGAccount/Common/OKGAFund/Model (= 0.2.0)
    - OKGAccount/Common/OKGAFund/VC (= 0.2.0)
    - OKGAccount/Common/OKGAFund/View (= 0.2.0)
    - OKGAccount/Common/OKGAFund/VM (= 0.2.0)
  - OKGAccount/Common/OKGAFund/Manager (0.2.0):
    - OKBusiness
  - OKGAccount/Common/OKGAFund/Model (0.2.0):
    - OKBusiness
  - OKGAccount/Common/OKGAFund/VC (0.2.0):
    - OKBusiness
  - OKGAccount/Common/OKGAFund/View (0.2.0):
    - OKBusiness
  - OKGAccount/Common/OKGAFund/VM (0.2.0):
    - OKBusiness
  - OKGAccount/Common/OKGAGesture (0.2.0):
    - OKBusiness
    - OKGAccount/Common/OKGAGesture/OKGAGestureLock (= 0.2.0)
    - OKGAccount/Common/OKGAGesture/OKGAuthentication (= 0.2.0)
  - OKGAccount/Common/OKGAGesture/OKGAGestureLock (0.2.0):
    - OKBusiness
    - OKGAccount/Common/OKGAGesture/OKGAGestureLock/Controller (= 0.2.0)
    - OKGAccount/Common/OKGAGesture/OKGAGestureLock/Framework (= 0.2.0)
  - OKGAccount/Common/OKGAGesture/OKGAGestureLock/Controller (0.2.0):
    - OKBusiness
  - OKGAccount/Common/OKGAGesture/OKGAGestureLock/Framework (0.2.0):
    - OKBusiness
  - OKGAccount/Common/OKGAGesture/OKGAuthentication (0.2.0):
    - OKBusiness
  - OKGAccount/Common/View (0.2.0):
    - OKBusiness
  - OKGAccount/Deposit (0.2.0):
    - OKBusiness
    - OKGAccount/Deposit/Manager (= 0.2.0)
    - OKGAccount/Deposit/Model (= 0.2.0)
    - OKGAccount/Deposit/VC (= 0.2.0)
    - OKGAccount/Deposit/View (= 0.2.0)
    - OKGAccount/Deposit/VM (= 0.2.0)
  - OKGAccount/Deposit/Manager (0.2.0):
    - OKBusiness
  - OKGAccount/Deposit/Model (0.2.0):
    - OKBusiness
  - OKGAccount/Deposit/VC (0.2.0):
    - OKBusiness
  - OKGAccount/Deposit/View (0.2.0):
    - OKBusiness
  - OKGAccount/Deposit/VM (0.2.0):
    - OKBusiness
  - OKGAccount/ForgetPW (0.2.0):
    - OKBusiness
    - OKGAccount/ForgetPW/Manager (= 0.2.0)
    - OKGAccount/ForgetPW/Model (= 0.2.0)
    - OKGAccount/ForgetPW/VC (= 0.2.0)
    - OKGAccount/ForgetPW/View (= 0.2.0)
    - OKGAccount/ForgetPW/VM (= 0.2.0)
  - OKGAccount/ForgetPW/Manager (0.2.0):
    - OKBusiness
  - OKGAccount/ForgetPW/Model (0.2.0):
    - OKBusiness
  - OKGAccount/ForgetPW/VC (0.2.0):
    - OKBusiness
  - OKGAccount/ForgetPW/View (0.2.0):
    - OKBusiness
  - OKGAccount/ForgetPW/VM (0.2.0):
    - OKBusiness
  - OKGAccount/Login (0.2.0):
    - OKBusiness
    - OKGAccount/Login/Manager (= 0.2.0)
    - OKGAccount/Login/Model (= 0.2.0)
    - OKGAccount/Login/VC (= 0.2.0)
    - OKGAccount/Login/View (= 0.2.0)
    - OKGAccount/Login/VM (= 0.2.0)
  - OKGAccount/Login/Manager (0.2.0):
    - OKBusiness
  - OKGAccount/Login/Model (0.2.0):
    - OKBusiness
  - OKGAccount/Login/VC (0.2.0):
    - OKBusiness
  - OKGAccount/Login/View (0.2.0):
    - OKBusiness
  - OKGAccount/Login/VM (0.2.0):
    - OKBusiness
  - OKGAccount/Macros (0.2.0):
    - OKBusiness
  - OKGAccount/Register (0.2.0):
    - OKBusiness
    - OKGAccount/Register/Manager (= 0.2.0)
    - OKGAccount/Register/Model (= 0.2.0)
    - OKGAccount/Register/VC (= 0.2.0)
    - OKGAccount/Register/View (= 0.2.0)
    - OKGAccount/Register/VM (= 0.2.0)
  - OKGAccount/Register/Manager (0.2.0):
    - OKBusiness
  - OKGAccount/Register/Model (0.2.0):
    - OKBusiness
  - OKGAccount/Register/VC (0.2.0):
    - OKBusiness
  - OKGAccount/Register/View (0.2.0):
    - OKBusiness
  - OKGAccount/Register/VM (0.2.0):
    - OKBusiness
  - OKGAccount/UserAccount (0.2.0):
    - OKBusiness
    - OKGAccount/UserAccount/Manager (= 0.2.0)
    - OKGAccount/UserAccount/Model (= 0.2.0)
    - OKGAccount/UserAccount/VC (= 0.2.0)
    - OKGAccount/UserAccount/View (= 0.2.0)
    - OKGAccount/UserAccount/VM (= 0.2.0)
  - OKGAccount/UserAccount/Manager (0.2.0):
    - OKBusiness
  - OKGAccount/UserAccount/Model (0.2.0):
    - OKBusiness
  - OKGAccount/UserAccount/VC (0.2.0):
    - OKBusiness
  - OKGAccount/UserAccount/View (0.2.0):
    - OKBusiness
  - OKGAccount/UserAccount/VM (0.2.0):
    - OKBusiness
  - OKGAccount/UserCenter (0.2.0):
    - OKBusiness
    - OKGAccount/UserCenter/Manager (= 0.2.0)
    - OKGAccount/UserCenter/Model (= 0.2.0)
    - OKGAccount/UserCenter/VC (= 0.2.0)
    - OKGAccount/UserCenter/View (= 0.2.0)
    - OKGAccount/UserCenter/VM (= 0.2.0)
  - OKGAccount/UserCenter/Manager (0.2.0):
    - OKBusiness
  - OKGAccount/UserCenter/Model (0.2.0):
    - OKBusiness
  - OKGAccount/UserCenter/VC (0.2.0):
    - OKBusiness
  - OKGAccount/UserCenter/View (0.2.0):
    - OKBusiness
  - OKGAccount/UserCenter/VM (0.2.0):
    - OKBusiness
  - OKGAccount/Withdraw (0.2.0):
    - OKBusiness
    - OKGAccount/Withdraw/Manager (= 0.2.0)
    - OKGAccount/Withdraw/Model (= 0.2.0)
    - OKGAccount/Withdraw/VC (= 0.2.0)
    - OKGAccount/Withdraw/View (= 0.2.0)
    - OKGAccount/Withdraw/VM (= 0.2.0)
  - OKGAccount/Withdraw/Manager (0.2.0):
    - OKBusiness
  - OKGAccount/Withdraw/Model (0.2.0):
    - OKBusiness
  - OKGAccount/Withdraw/VC (0.2.0):
    - OKBusiness
  - OKGAccount/Withdraw/View (0.2.0):
    - OKBusiness
  - OKGAccount/Withdraw/VM (0.2.0):
    - OKBusiness
  - OKGCurrency (0.1.0):
    - OKGCurrency/Common (= 0.1.0)
    - OKGCurrency/Order (= 0.1.0)
    - OKGCurrency/PaySetting (= 0.1.0)
    - OKGCurrency/ReleaseDeal (= 0.1.0)
    - OKGCurrency/Trade (= 0.1.0)
  - OKGCurrency/Common (0.1.0):
    - OKGCurrency/Common/Manager (= 0.1.0)
    - OKGCurrency/Common/Model (= 0.1.0)
    - OKGCurrency/Common/VC (= 0.1.0)
    - OKGCurrency/Common/View (= 0.1.0)
    - OKGCurrency/Common/VM (= 0.1.0)
  - OKGCurrency/Common/Manager (0.1.0)
  - OKGCurrency/Common/Model (0.1.0)
  - OKGCurrency/Common/VC (0.1.0)
  - OKGCurrency/Common/View (0.1.0)
  - OKGCurrency/Common/VM (0.1.0)
  - OKGCurrency/Order (0.1.0):
    - OKGCurrency/Order/Manager (= 0.1.0)
    - OKGCurrency/Order/Model (= 0.1.0)
    - OKGCurrency/Order/VC (= 0.1.0)
    - OKGCurrency/Order/View (= 0.1.0)
    - OKGCurrency/Order/VM (= 0.1.0)
  - OKGCurrency/Order/Manager (0.1.0)
  - OKGCurrency/Order/Model (0.1.0)
  - OKGCurrency/Order/VC (0.1.0)
  - OKGCurrency/Order/View (0.1.0)
  - OKGCurrency/Order/VM (0.1.0)
  - OKGCurrency/PaySetting (0.1.0):
    - OKGCurrency/PaySetting/Manager (= 0.1.0)
    - OKGCurrency/PaySetting/Model (= 0.1.0)
    - OKGCurrency/PaySetting/VC (= 0.1.0)
    - OKGCurrency/PaySetting/View (= 0.1.0)
    - OKGCurrency/PaySetting/VM (= 0.1.0)
  - OKGCurrency/PaySetting/Manager (0.1.0)
  - OKGCurrency/PaySetting/Model (0.1.0)
  - OKGCurrency/PaySetting/VC (0.1.0)
  - OKGCurrency/PaySetting/View (0.1.0)
  - OKGCurrency/PaySetting/VM (0.1.0)
  - OKGCurrency/ReleaseDeal (0.1.0):
    - OKGCurrency/ReleaseDeal/Manager (= 0.1.0)
    - OKGCurrency/ReleaseDeal/Model (= 0.1.0)
    - OKGCurrency/ReleaseDeal/VC (= 0.1.0)
    - OKGCurrency/ReleaseDeal/View (= 0.1.0)
    - OKGCurrency/ReleaseDeal/VM (= 0.1.0)
  - OKGCurrency/ReleaseDeal/Manager (0.1.0)
  - OKGCurrency/ReleaseDeal/Model (0.1.0)
  - OKGCurrency/ReleaseDeal/VC (0.1.0)
  - OKGCurrency/ReleaseDeal/View (0.1.0)
  - OKGCurrency/ReleaseDeal/VM (0.1.0)
  - OKGCurrency/Trade (0.1.0):
    - OKGCurrency/Trade/Manager (= 0.1.0)
    - OKGCurrency/Trade/Model (= 0.1.0)
    - OKGCurrency/Trade/VC (= 0.1.0)
    - OKGCurrency/Trade/View (= 0.1.0)
    - OKGCurrency/Trade/VM (= 0.1.0)
  - OKGCurrency/Trade/Manager (0.1.0)
  - OKGCurrency/Trade/Model (0.1.0)
  - OKGCurrency/Trade/VC (0.1.0)
  - OKGCurrency/Trade/View (0.1.0)
  - OKGCurrency/Trade/VM (0.1.0)
  - OKGFutures (0.0.1):
    - MJExtension (~> 3.0.13)
    - OKGFutures/Blasting (= 0.0.1)
    - OKGFutures/Common (= 0.0.1)
    - OKGFutures/Delivery (= 0.0.1)
    - OKGFutures/Futures (= 0.0.1)
    - OKGFutures/FuturesManager (= 0.0.1)
    - OKGFutures/Hanging (= 0.0.1)
    - OKGFutures/Hold (= 0.0.1)
    - OKGFutures/Order (= 0.0.1)
    - ReactiveObjC (~> 3.1.0)
  - OKGFutures/Blasting (0.0.1):
    - MJExtension (~> 3.0.13)
    - OKGFutures/Blasting/Manager (= 0.0.1)
    - OKGFutures/Blasting/Model (= 0.0.1)
    - OKGFutures/Blasting/VC (= 0.0.1)
    - OKGFutures/Blasting/View (= 0.0.1)
    - OKGFutures/Blasting/VM (= 0.0.1)
    - ReactiveObjC (~> 3.1.0)
  - OKGFutures/Blasting/Manager (0.0.1):
    - MJExtension (~> 3.0.13)
    - ReactiveObjC (~> 3.1.0)
  - OKGFutures/Blasting/Model (0.0.1):
    - MJExtension (~> 3.0.13)
    - ReactiveObjC (~> 3.1.0)
  - OKGFutures/Blasting/VC (0.0.1):
    - MJExtension (~> 3.0.13)
    - ReactiveObjC (~> 3.1.0)
  - OKGFutures/Blasting/View (0.0.1):
    - MJExtension (~> 3.0.13)
    - ReactiveObjC (~> 3.1.0)
  - OKGFutures/Blasting/VM (0.0.1):
    - MJExtension (~> 3.0.13)
    - ReactiveObjC (~> 3.1.0)
  - OKGFutures/Common (0.0.1):
    - MJExtension (~> 3.0.13)
    - ReactiveObjC (~> 3.1.0)
  - OKGFutures/Delivery (0.0.1):
    - MJExtension (~> 3.0.13)
    - OKGFutures/Delivery/Manager (= 0.0.1)
    - OKGFutures/Delivery/Model (= 0.0.1)
    - OKGFutures/Delivery/VC (= 0.0.1)
    - OKGFutures/Delivery/View (= 0.0.1)
    - OKGFutures/Delivery/ViewModel (= 0.0.1)
    - ReactiveObjC (~> 3.1.0)
  - OKGFutures/Delivery/Manager (0.0.1):
    - MJExtension (~> 3.0.13)
    - ReactiveObjC (~> 3.1.0)
  - OKGFutures/Delivery/Model (0.0.1):
    - MJExtension (~> 3.0.13)
    - ReactiveObjC (~> 3.1.0)
  - OKGFutures/Delivery/VC (0.0.1):
    - MJExtension (~> 3.0.13)
    - ReactiveObjC (~> 3.1.0)
  - OKGFutures/Delivery/View (0.0.1):
    - MJExtension (~> 3.0.13)
    - ReactiveObjC (~> 3.1.0)
  - OKGFutures/Delivery/ViewModel (0.0.1):
    - MJExtension (~> 3.0.13)
    - ReactiveObjC (~> 3.1.0)
  - OKGFutures/Futures (0.0.1):
    - MJExtension (~> 3.0.13)
    - OKGFutures/Futures/Manager (= 0.0.1)
    - OKGFutures/Futures/Model (= 0.0.1)
    - OKGFutures/Futures/VC (= 0.0.1)
    - OKGFutures/Futures/ViewModel (= 0.0.1)
    - ReactiveObjC (~> 3.1.0)
  - OKGFutures/Futures/Manager (0.0.1):
    - MJExtension (~> 3.0.13)
    - ReactiveObjC (~> 3.1.0)
  - OKGFutures/Futures/Model (0.0.1):
    - MJExtension (~> 3.0.13)
    - ReactiveObjC (~> 3.1.0)
  - OKGFutures/Futures/VC (0.0.1):
    - MJExtension (~> 3.0.13)
    - ReactiveObjC (~> 3.1.0)
  - OKGFutures/Futures/ViewModel (0.0.1):
    - MJExtension (~> 3.0.13)
    - ReactiveObjC (~> 3.1.0)
  - OKGFutures/FuturesManager (0.0.1):
    - MJExtension (~> 3.0.13)
    - ReactiveObjC (~> 3.1.0)
  - OKGFutures/Hanging (0.0.1):
    - MJExtension (~> 3.0.13)
    - OKGFutures/Hanging/Manager (= 0.0.1)
    - OKGFutures/Hanging/Model (= 0.0.1)
    - OKGFutures/Hanging/VC (= 0.0.1)
    - OKGFutures/Hanging/View (= 0.0.1)
    - OKGFutures/Hanging/VM (= 0.0.1)
    - ReactiveObjC (~> 3.1.0)
  - OKGFutures/Hanging/Manager (0.0.1):
    - MJExtension (~> 3.0.13)
    - OKGFutures/Hanging/Manager/cancelManager (= 0.0.1)
    - OKGFutures/Hanging/Manager/selectManager (= 0.0.1)
    - ReactiveObjC (~> 3.1.0)
  - OKGFutures/Hanging/Manager/cancelManager (0.0.1):
    - MJExtension (~> 3.0.13)
    - ReactiveObjC (~> 3.1.0)
  - OKGFutures/Hanging/Manager/selectManager (0.0.1):
    - MJExtension (~> 3.0.13)
    - ReactiveObjC (~> 3.1.0)
  - OKGFutures/Hanging/Model (0.0.1):
    - MJExtension (~> 3.0.13)
    - OKGFutures/Hanging/Model/cancelModel (= 0.0.1)
    - OKGFutures/Hanging/Model/selectModel (= 0.0.1)
    - ReactiveObjC (~> 3.1.0)
  - OKGFutures/Hanging/Model/cancelModel (0.0.1):
    - MJExtension (~> 3.0.13)
    - ReactiveObjC (~> 3.1.0)
  - OKGFutures/Hanging/Model/selectModel (0.0.1):
    - MJExtension (~> 3.0.13)
    - ReactiveObjC (~> 3.1.0)
  - OKGFutures/Hanging/VC (0.0.1):
    - MJExtension (~> 3.0.13)
    - ReactiveObjC (~> 3.1.0)
  - OKGFutures/Hanging/View (0.0.1):
    - MJExtension (~> 3.0.13)
    - ReactiveObjC (~> 3.1.0)
  - OKGFutures/Hanging/VM (0.0.1):
    - MJExtension (~> 3.0.13)
    - OKGFutures/Hanging/VM/cancelVM (= 0.0.1)
    - OKGFutures/Hanging/VM/selectVM (= 0.0.1)
    - ReactiveObjC (~> 3.1.0)
  - OKGFutures/Hanging/VM/cancelVM (0.0.1):
    - MJExtension (~> 3.0.13)
    - ReactiveObjC (~> 3.1.0)
  - OKGFutures/Hanging/VM/selectVM (0.0.1):
    - MJExtension (~> 3.0.13)
    - ReactiveObjC (~> 3.1.0)
  - OKGFutures/Hold (0.0.1):
    - MJExtension (~> 3.0.13)
    - OKGFutures/Hold/Manager (= 0.0.1)
    - OKGFutures/Hold/Model (= 0.0.1)
    - OKGFutures/Hold/VC (= 0.0.1)
    - OKGFutures/Hold/View (= 0.0.1)
    - OKGFutures/Hold/ViewModel (= 0.0.1)
    - ReactiveObjC (~> 3.1.0)
  - OKGFutures/Hold/Manager (0.0.1):
    - MJExtension (~> 3.0.13)
    - ReactiveObjC (~> 3.1.0)
  - OKGFutures/Hold/Model (0.0.1):
    - MJExtension (~> 3.0.13)
    - ReactiveObjC (~> 3.1.0)
  - OKGFutures/Hold/VC (0.0.1):
    - MJExtension (~> 3.0.13)
    - ReactiveObjC (~> 3.1.0)
  - OKGFutures/Hold/View (0.0.1):
    - MJExtension (~> 3.0.13)
    - ReactiveObjC (~> 3.1.0)
  - OKGFutures/Hold/ViewModel (0.0.1):
    - MJExtension (~> 3.0.13)
    - ReactiveObjC (~> 3.1.0)
  - OKGFutures/Order (0.0.1):
    - MJExtension (~> 3.0.13)
    - OKGFutures/Order/Manager (= 0.0.1)
    - OKGFutures/Order/Model (= 0.0.1)
    - OKGFutures/Order/VC (= 0.0.1)
    - OKGFutures/Order/View (= 0.0.1)
    - OKGFutures/Order/ViewModel (= 0.0.1)
    - ReactiveObjC (~> 3.1.0)
  - OKGFutures/Order/Manager (0.0.1):
    - MJExtension (~> 3.0.13)
    - ReactiveObjC (~> 3.1.0)
  - OKGFutures/Order/Model (0.0.1):
    - MJExtension (~> 3.0.13)
    - ReactiveObjC (~> 3.1.0)
  - OKGFutures/Order/VC (0.0.1):
    - MJExtension (~> 3.0.13)
    - ReactiveObjC (~> 3.1.0)
  - OKGFutures/Order/View (0.0.1):
    - MJExtension (~> 3.0.13)
    - ReactiveObjC (~> 3.1.0)
  - OKGFutures/Order/ViewModel (0.0.1):
    - MJExtension (~> 3.0.13)
    - ReactiveObjC (~> 3.1.0)
  - OKGHome (0.1.0):
    - OKGHome/Accounts (= 0.1.0)
    - OKGHome/Common (= 0.1.0)
    - OKGHome/HomePage (= 0.1.0)
    - OKGHome/Macros (= 0.1.0)
  - OKGHome/Accounts (0.1.0):
    - OKGHome/Accounts/Manager (= 0.1.0)
    - OKGHome/Accounts/Model (= 0.1.0)
  - OKGHome/Accounts/Manager (0.1.0)
  - OKGHome/Accounts/Model (0.1.0)
  - OKGHome/Common (0.1.0)
  - OKGHome/HomePage (0.1.0):
    - OKGHome/HomePage/Manager (= 0.1.0)
    - OKGHome/HomePage/Model (= 0.1.0)
    - OKGHome/HomePage/VC (= 0.1.0)
    - OKGHome/HomePage/View (= 0.1.0)
    - OKGHome/HomePage/VM (= 0.1.0)
  - OKGHome/HomePage/Manager (0.1.0)
  - OKGHome/HomePage/Model (0.1.0)
  - OKGHome/HomePage/VC (0.1.0)
  - OKGHome/HomePage/View (0.1.0)
  - OKGHome/HomePage/VM (0.1.0)
  - OKGHome/Macros (0.1.0)
  - OKGKYC (0.1.0):
    - OKGKYC/Category (= 0.1.0)
    - OKGKYC/Common (= 0.1.0)
    - OKGKYC/Manager (= 0.1.0)
    - OKGKYC/Model (= 0.1.0)
    - OKGKYC/VC (= 0.1.0)
    - OKGKYC/View (= 0.1.0)
    - OKGKYC/VM (= 0.1.0)
  - OKGKYC/Category (0.1.0)
  - OKGKYC/Common (0.1.0)
  - OKGKYC/Manager (0.1.0)
  - OKGKYC/Model (0.1.0)
  - OKGKYC/VC (0.1.0)
  - OKGKYC/View (0.1.0)
  - OKGKYC/VM (0.1.0)
  - OKGMarket (0.0.1):
    - OKGMarket/Collection (= 0.0.1)
    - OKGMarket/Common (= 0.0.1)
    - OKGMarket/Database (= 0.0.1)
    - OKGMarket/Manager (= 0.0.1)
    - OKGMarket/Model (= 0.0.1)
    - OKGMarket/VC (= 0.0.1)
    - OKGMarket/View (= 0.0.1)
    - OKGMarket/VM (= 0.0.1)
  - OKGMarket/Collection (0.0.1):
    - OKGMarket/Collection/Common (= 0.0.1)
    - OKGMarket/Collection/Manager (= 0.0.1)
    - OKGMarket/Collection/Model (= 0.0.1)
    - OKGMarket/Collection/VM (= 0.0.1)
  - OKGMarket/Collection/Common (0.0.1)
  - OKGMarket/Collection/Manager (0.0.1)
  - OKGMarket/Collection/Model (0.0.1)
  - OKGMarket/Collection/VM (0.0.1)
  - OKGMarket/Common (0.0.1)
  - OKGMarket/Database (0.0.1)
  - OKGMarket/Manager (0.0.1)
  - OKGMarket/Model (0.0.1)
  - OKGMarket/VC (0.0.1)
  - OKGMarket/View (0.0.1)
  - OKGMarket/VM (0.0.1)
  - OKGSpot (0.1.0):
    - OKGSpot/Account (= 0.1.0)
    - OKGSpot/Common (= 0.1.0)
    - OKGSpot/Depth (= 0.1.0)
    - OKGSpot/Lever (= 0.1.0)
    - OKGSpot/LimitedPrice (= 0.1.0)
    - OKGSpot/MarketPrice (= 0.1.0)
    - OKGSpot/Operation (= 0.1.0)
    - OKGSpot/Spots (= 0.1.0)
  - OKGSpot/Account (0.1.0):
    - OKGSpot/Account/Manager (= 0.1.0)
    - OKGSpot/Account/Model (= 0.1.0)
    - OKGSpot/Account/Protocol (= 0.1.0)
    - OKGSpot/Account/VC (= 0.1.0)
    - OKGSpot/Account/View (= 0.1.0)
    - OKGSpot/Account/VM (= 0.1.0)
  - OKGSpot/Account/Manager (0.1.0)
  - OKGSpot/Account/Model (0.1.0)
  - OKGSpot/Account/Protocol (0.1.0)
  - OKGSpot/Account/VC (0.1.0)
  - OKGSpot/Account/View (0.1.0)
  - OKGSpot/Account/VM (0.1.0)
  - OKGSpot/Common (0.1.0):
    - OKGSpot/Common/Manager (= 0.1.0)
    - OKGSpot/Common/Model (= 0.1.0)
    - OKGSpot/Common/Protocol (= 0.1.0)
    - OKGSpot/Common/Util (= 0.1.0)
    - OKGSpot/Common/VC (= 0.1.0)
    - OKGSpot/Common/View (= 0.1.0)
  - OKGSpot/Common/Manager (0.1.0)
  - OKGSpot/Common/Model (0.1.0):
    - OKGSpot/Common/Model/SocketModel (= 0.1.0)
  - OKGSpot/Common/Model/SocketModel (0.1.0)
  - OKGSpot/Common/Protocol (0.1.0)
  - OKGSpot/Common/Util (0.1.0)
  - OKGSpot/Common/VC (0.1.0)
  - OKGSpot/Common/View (0.1.0):
    - OKGSpot/Common/View/AlertView (= 0.1.0)
    - OKGSpot/Common/View/Button (= 0.1.0)
    - OKGSpot/Common/View/Cell (= 0.1.0)
    - OKGSpot/Common/View/DropDownMenu (= 0.1.0)
    - OKGSpot/Common/View/Label (= 0.1.0)
  - OKGSpot/Common/View/AlertView (0.1.0)
  - OKGSpot/Common/View/Button (0.1.0)
  - OKGSpot/Common/View/Cell (0.1.0)
  - OKGSpot/Common/View/DropDownMenu (0.1.0)
  - OKGSpot/Common/View/Label (0.1.0)
  - OKGSpot/Depth (0.1.0):
    - OKGSpot/Depth/VC (= 0.1.0)
    - OKGSpot/Depth/View (= 0.1.0)
  - OKGSpot/Depth/VC (0.1.0)
  - OKGSpot/Depth/View (0.1.0)
  - OKGSpot/Lever (0.1.0):
    - OKGSpot/Lever/Manager (= 0.1.0)
    - OKGSpot/Lever/Model (= 0.1.0)
    - OKGSpot/Lever/VC (= 0.1.0)
    - OKGSpot/Lever/View (= 0.1.0)
    - OKGSpot/Lever/VM (= 0.1.0)
  - OKGSpot/Lever/Manager (0.1.0)
  - OKGSpot/Lever/Model (0.1.0)
  - OKGSpot/Lever/VC (0.1.0)
  - OKGSpot/Lever/View (0.1.0)
  - OKGSpot/Lever/VM (0.1.0)
  - OKGSpot/LimitedPrice (0.1.0):
    - OKGSpot/LimitedPrice/VC (= 0.1.0)
    - OKGSpot/LimitedPrice/View (= 0.1.0)
  - OKGSpot/LimitedPrice/VC (0.1.0)
  - OKGSpot/LimitedPrice/View (0.1.0)
  - OKGSpot/MarketPrice (0.1.0):
    - OKGSpot/MarketPrice/VC (= 0.1.0)
    - OKGSpot/MarketPrice/View (= 0.1.0)
  - OKGSpot/MarketPrice/VC (0.1.0)
  - OKGSpot/MarketPrice/View (0.1.0)
  - OKGSpot/Operation (0.1.0):
    - OKGSpot/Operation/Model (= 0.1.0)
    - OKGSpot/Operation/Protocol (= 0.1.0)
    - OKGSpot/Operation/VC (= 0.1.0)
    - OKGSpot/Operation/View (= 0.1.0)
  - OKGSpot/Operation/Model (0.1.0)
  - OKGSpot/Operation/Protocol (0.1.0)
  - OKGSpot/Operation/VC (0.1.0)
  - OKGSpot/Operation/View (0.1.0)
  - OKGSpot/Spots (0.1.0):
    - OKGSpot/Spots/Manager (= 0.1.0)
    - OKGSpot/Spots/Model (= 0.1.0)
    - OKGSpot/Spots/VC (= 0.1.0)
    - OKGSpot/Spots/View (= 0.1.0)
    - OKGSpot/Spots/VM (= 0.1.0)
  - OKGSpot/Spots/Manager (0.1.0)
  - OKGSpot/Spots/Model (0.1.0)
  - OKGSpot/Spots/VC (0.1.0)
  - OKGSpot/Spots/View (0.1.0)
  - OKGSpot/Spots/VM (0.1.0)
  - OKKLine (0.1.0):
    - Masonry
    - MJExtension
    - OKBusiness
    - OKFoundation
    - OKKLine/ChartCore (= 0.1.0)
    - OKKLine/ChartPage (= 0.1.0)
    - OKKLine/Common (= 0.1.0)
    - OKKLine/Vender (= 0.1.0)
    - ReactiveObjC
  - OKKLine/ChartCore (0.1.0):
    - Masonry
    - MJExtension
    - OKBusiness
    - OKFoundation
    - OKKLine/ChartCore/ChartView (= 0.1.0)
    - OKKLine/ChartCore/IndicatorLayer (= 0.1.0)
    - OKKLine/ChartCore/MainLayer (= 0.1.0)
    - OKKLine/ChartCore/Manager (= 0.1.0)
    - OKKLine/ChartCore/Model (= 0.1.0)
    - OKKLine/ChartCore/SettingView (= 0.1.0)
    - ReactiveObjC
  - OKKLine/ChartCore/ChartView (0.1.0):
    - Masonry
    - MJExtension
    - OKBusiness
    - OKFoundation
    - ReactiveObjC
  - OKKLine/ChartCore/IndicatorLayer (0.1.0):
    - Masonry
    - MJExtension
    - OKBusiness
    - OKFoundation
    - ReactiveObjC
  - OKKLine/ChartCore/MainLayer (0.1.0):
    - Masonry
    - MJExtension
    - OKBusiness
    - OKFoundation
    - ReactiveObjC
  - OKKLine/ChartCore/Manager (0.1.0):
    - Masonry
    - MJExtension
    - OKBusiness
    - OKFoundation
    - ReactiveObjC
  - OKKLine/ChartCore/Model (0.1.0):
    - Masonry
    - MJExtension
    - OKBusiness
    - OKFoundation
    - ReactiveObjC
  - OKKLine/ChartCore/SettingView (0.1.0):
    - Masonry
    - MJExtension
    - OKBusiness
    - OKFoundation
    - ReactiveObjC
  - OKKLine/ChartPage (0.1.0):
    - Masonry
    - MJExtension
    - OKBusiness
    - OKFoundation
    - OKKLine/ChartPage/Manager (= 0.1.0)
    - OKKLine/ChartPage/Model (= 0.1.0)
    - OKKLine/ChartPage/SlideSwitch (= 0.1.0)
    - OKKLine/ChartPage/View (= 0.1.0)
    - OKKLine/ChartPage/ViewController (= 0.1.0)
    - OKKLine/ChartPage/ViewModel (= 0.1.0)
    - ReactiveObjC
  - OKKLine/ChartPage/Manager (0.1.0):
    - Masonry
    - MJExtension
    - OKBusiness
    - OKFoundation
    - ReactiveObjC
  - OKKLine/ChartPage/Model (0.1.0):
    - Masonry
    - MJExtension
    - OKBusiness
    - OKFoundation
    - ReactiveObjC
  - OKKLine/ChartPage/SlideSwitch (0.1.0):
    - Masonry
    - MJExtension
    - OKBusiness
    - OKFoundation
    - ReactiveObjC
  - OKKLine/ChartPage/View (0.1.0):
    - Masonry
    - MJExtension
    - OKBusiness
    - OKFoundation
    - ReactiveObjC
  - OKKLine/ChartPage/ViewController (0.1.0):
    - Masonry
    - MJExtension
    - OKBusiness
    - OKFoundation
    - ReactiveObjC
  - OKKLine/ChartPage/ViewModel (0.1.0):
    - Masonry
    - MJExtension
    - OKBusiness
    - OKFoundation
    - ReactiveObjC
  - OKKLine/Common (0.1.0):
    - Masonry
    - MJExtension
    - OKBusiness
    - OKFoundation
    - ReactiveObjC
  - OKKLine/Vender (0.1.0):
    - Masonry
    - MJExtension
    - OKBusiness
    - OKFoundation
    - ReactiveObjC
  - OpenUDID (1.0.0)
  - ReactiveObjC (3.1.0)
  - Realm (3.5.0):
    - Realm/Headers (= 3.5.0)
  - Realm/Headers (3.5.0)
  - SDWebImage (4.3.3):
    - SDWebImage/Core (= 4.3.3)
  - SDWebImage/Core (4.3.3)
  - SocketRocket (0.5.1)
  - YYKit (1.0.9):
    - YYKit/no-arc (= 1.0.9)
  - YYKit/no-arc (1.0.9)

DEPENDENCIES:
  - AFNetworking (= 3.2.0)
  - AliyunOSSiOS (= 2.10.4)
  - Bugly (= 2.5.0)
  - DZNEmptyDataSet (= 1.8.1)
  - FDFullscreenPopGesture (= 1.1)
  - IQKeyboardManager (= 6.0.2)
  - lottie-ios (= 2.1.5)
  - Masonry (= 1.1.0)
  - MBProgressHUD (= 1.1.0)
  - MJExtension (= 3.0.13)
  - MJRefresh (= 3.1.15.3)
  - mob_sharesdk (= 4.1.2)
  - mob_sharesdk/ShareSDKPlatforms/SinaWeibo
  - mob_sharesdk/ShareSDKPlatforms/WeChat
  - "OKBusiness (from `git@gitlab.okcoin-inc.com:OKCoin-iOS/OKBusiness.git`)"
  - "OKFoundation (from `git@gitlab.okcoin-inc.com:OKCoin-iOS/OKFoundation.git`)"
  - "OKGAccount (from `git@gitlab.okcoin-inc.com:OKCoin-iOS/OKGAccount.git`)"
  - "OKGCurrency (from `git@gitlab.okcoin-inc.com:OKCoin-iOS/OKGCurrency.git`)"
  - "OKGFutures (from `git@gitlab.okcoin-inc.com:OKCoin-iOS/OKGFutures.git`)"
  - "OKGHome (from `git@gitlab.okcoin-inc.com:OKCoin-iOS/OKGHome.git`)"
  - "OKGKYC (from `git@gitlab.okcoin-inc.com:OKCoin-iOS/OKGKYC.git`)"
  - "OKGMarket (from `git@gitlab.okcoin-inc.com:OKCoin-iOS/OKGMarket.git`)"
  - "OKGSpot (from `git@gitlab.okcoin-inc.com:OKCoin-iOS/OKGSpot.git`)"
  - "OKKLine (from `git@gitlab.okcoin-inc.com:OKCoin-iOS/OKKLine.git`)"
  - OpenUDID (= 1.0.0)
  - ReactiveObjC (= 3.1.0)
  - Realm (= 3.5.0)
  - SDWebImage (= 4.3.3)
  - YYKit (= 1.0.9)

SPEC REPOS:
  https://github.com/CocoaPods/Specs.git:
    - AFNetworking
    - AliyunOSSiOS
    - Bugly
    - DZNEmptyDataSet
    - FDFullscreenPopGesture
    - IQKeyboardManager
    - lottie-ios
    - Masonry
    - MBProgressHUD
    - MJExtension
    - MJRefresh
    - mob_sharesdk
    - MOBFoundation
    - OpenUDID
    - ReactiveObjC
    - Realm
    - SDWebImage
    - SocketRocket
    - YYKit

EXTERNAL SOURCES:
  OKBusiness:
    :git: "git@gitlab.okcoin-inc.com:OKCoin-iOS/OKBusiness.git"
  OKFoundation:
    :git: "git@gitlab.okcoin-inc.com:OKCoin-iOS/OKFoundation.git"
  OKGAccount:
    :git: "git@gitlab.okcoin-inc.com:OKCoin-iOS/OKGAccount.git"
  OKGCurrency:
    :git: "git@gitlab.okcoin-inc.com:OKCoin-iOS/OKGCurrency.git"
  OKGFutures:
    :git: "git@gitlab.okcoin-inc.com:OKCoin-iOS/OKGFutures.git"
  OKGHome:
    :git: "git@gitlab.okcoin-inc.com:OKCoin-iOS/OKGHome.git"
  OKGKYC:
    :git: "git@gitlab.okcoin-inc.com:OKCoin-iOS/OKGKYC.git"
  OKGMarket:
    :git: "git@gitlab.okcoin-inc.com:OKCoin-iOS/OKGMarket.git"
  OKGSpot:
    :git: "git@gitlab.okcoin-inc.com:OKCoin-iOS/OKGSpot.git"
  OKKLine:
    :git: "git@gitlab.okcoin-inc.com:OKCoin-iOS/OKKLine.git"

CHECKOUT OPTIONS:
  OKBusiness:
    :commit: fba607bccaf60ee285f02c3d17c9c5562dc889db
    :git: "git@gitlab.okcoin-inc.com:OKCoin-iOS/OKBusiness.git"
  OKFoundation:
    :commit: 3988b0b428be577b44488a98ecccff9172c719e2
    :git: "git@gitlab.okcoin-inc.com:OKCoin-iOS/OKFoundation.git"
  OKGAccount:
    :commit: 6bfdb3aa97b888f09ef7e6276f778bebbba85a5e
    :git: "git@gitlab.okcoin-inc.com:OKCoin-iOS/OKGAccount.git"
  OKGCurrency:
    :commit: 062a51511cb83f62bcfc25164d9786e261d9317e
    :git: "git@gitlab.okcoin-inc.com:OKCoin-iOS/OKGCurrency.git"
  OKGFutures:
    :commit: 5b27118a753692a15b209a1db85bbc7565b56012
    :git: "git@gitlab.okcoin-inc.com:OKCoin-iOS/OKGFutures.git"
  OKGHome:
    :commit: 6b95444d9caf18447e16122a76bcccb35d00a296
    :git: "git@gitlab.okcoin-inc.com:OKCoin-iOS/OKGHome.git"
  OKGKYC:
    :commit: cda3b48d9676f61b6094654895cca9fca8b27579
    :git: "git@gitlab.okcoin-inc.com:OKCoin-iOS/OKGKYC.git"
  OKGMarket:
    :commit: 14f0b5c3f2abe51585bd6b4d27373a62ac514a82
    :git: "git@gitlab.okcoin-inc.com:OKCoin-iOS/OKGMarket.git"
  OKGSpot:
    :commit: 0707d5e5b12a0c833fe36951a1b159780e11d0b6
    :git: "git@gitlab.okcoin-inc.com:OKCoin-iOS/OKGSpot.git"
  OKKLine:
    :commit: 17c272c55b1f732f14a91b2326cc18598d3046f0
    :git: "git@gitlab.okcoin-inc.com:OKCoin-iOS/OKKLine.git"

SPEC CHECKSUMS:
  AFNetworking: 8ac6017b94ea105479f7776e5288e48ae9c59bb4
  AliyunOSSiOS: e5dcdba99963ca6b43fea863cead49423c5d4c75
  Bugly: 3ca9f255c01025582df26f9222893b383c7e4b4e
  DZNEmptyDataSet: 9525833b9e68ac21c30253e1d3d7076cc828eaa7
  FDFullscreenPopGesture: a8a620179e3d9c40e8e00256dcee1c1a27c6d0f0
  IQKeyboardManager: c49d59e358aeeffaa0280aa305093c2b194d2607
  lottie-ios: 836cdbba92f62f3c6a00e37a4ce485321fe317cf
  Masonry: 678fab65091a9290e40e2832a55e7ab731aad201
  MBProgressHUD: e7baa36a220447d8aeb12769bf0585582f3866d9
  MJExtension: 5932755f451458eefa24239358817f8d291240c7
  MJRefresh: b48380ae2b927b46c4ef000de9adb8dc748e1df7
  mob_sharesdk: e859de6ace7542f3395ce055682f7cd40efdfaa1
  MOBFoundation: a87c5f11fb87f873337189c3ec0add4d3ec6221a
  OKBusiness: 4fae0304fffe7ecfa18a6cb88397ca7a41142007
  OKFoundation: 3910117f6dccfa2a2af4872f0b10c453ee21a004
  OKGAccount: 96bae4e0a46b75f6f905558dcc8980a3d2112a49
  OKGCurrency: 3e4d54c4a0a4d528beda4dc23a350a470369575e
  OKGFutures: 1b4a63eb5c4c18daab0f8c51ea66a84f16b399dc
  OKGHome: f04bc6e5d9f21fd262ebdab1468bbf2fa613edd6
  OKGKYC: bd6d9f81fb656d0b61be31cfdd10284ccff37a77
  OKGMarket: a8dfdad5eda7d20df125c0b8e710112954713b53
  OKGSpot: f31bd399778617331fc716952756a3d7b433129d
  OKKLine: 7534d25d577e651cc7326f67e9438d12ba7851ca
  OpenUDID: e7cb6984c7304906ad20f3a36bf087b025896b6b
  ReactiveObjC: 2a38ea15335de4119d8b17caf1db1484f61db902
  Realm: 0378021c424e4e2bd6a0e63b27881e929d9b9ad1
  SDWebImage: de4d90b5bff3571eae7bd16202b1f43135409fa5
  SocketRocket: d57c7159b83c3c6655745cd15302aa24b6bae531
  YYKit: 7cda43304a8dc3696c449041e2cb3107b4e236e7

PODFILE CHECKSUM: 4fbfe85aad994710dfedabef54426e5af38bab61

COCOAPODS: 1.5.0
